<Solution>
  <Folder Name="/Examples/">
    <Project Path="Examples/GetGuestInfo/GetGuestInfo.csproj" />
    <Project Path="Examples/ListAllDomain/ListAllDomain.csproj" />
    <Project Path="Examples/PollDomainEvent/PollDomainEvent.csproj" />
  </Folder>
  <Folder Name="/Tools/">
    <Project Path="Tools/Gen/Gen.csproj" />
  </Folder>
  <Project Path="LibvirtRemote.Test/LibvirtRemote.Test.csproj" />
  <Project Path="LibvirtRemote/LibvirtRemote.csproj" />
</Solution>
